
Microsoft Visual Studio Solution File, Format Version 12.00
# Visual Studio Version 17
VisualStudioVersion = 17.2.32630.192
MinimumVisualStudioVersion = 10.0.40219.1
Project("{FAE04EC0-301F-11D3-BF4B-00C04F79EFBC}") = "SampleApp.Api", "SampleApp.Api\SampleApp.Api.csproj", "{6C4D7A82-DCF7-4F93-B396-40E2F0B2DE79}"
EndProject
Global
	GlobalSection(SolutionConfigurationPlatforms) = preSolution
		Debug|Any CPU = Debug|Any CPU
		Release|Any CPU = Release|Any CPU
	EndGlobalSection
	GlobalSection(ProjectConfigurationPlatforms) = postSolution
		{6C4D7A82-DCF7-4F93-B396-40E2F0B2DE79}.Debug|Any CPU.ActiveCfg = Debug|Any CPU
		{6C4D7A82-DCF7-4F93-B396-40E2F0B2DE79}.Debug|Any CPU.Build.0 = Debug|Any CPU
		{6C4D7A82-DCF7-4F93-B396-40E2F0B2DE79}.Release|Any CPU.ActiveCfg = Release|Any CPU
		{6C4D7A82-DCF7-4F93-B396-40E2F0B2DE79}.Release|Any CPU.Build.0 = Release|Any CPU
	EndGlobalSection
	GlobalSection(SolutionProperties) = preSolution
		HideSolutionNode = FALSE
	EndGlobalSection
	GlobalSection(ExtensibilityGlobals) = postSolution
		SolutionGuid = {EF420ED8-A33D-4EE5-8090-5C80A3E10CF6}
	EndGlobalSection
EndGlobal
