
Microsoft Visual Studio Solution File, Format Version 12.00
# Visual Studio Version 17
VisualStudioVersion = 17.2.32630.192
MinimumVisualStudioVersion = 10.0.40219.1
Project("{FAE04EC0-301F-11D3-BF4B-00C04F79EFBC}") = "ApprovalEngine.API", "ApprovalEngine.API\ApprovalEngine.API.csproj", "{50F5C09F-3717-4F6F-B564-0568A82922EC}"
EndProject
Project("{FAE04EC0-301F-11D3-BF4B-00C04F79EFBC}") = "ApprovalEngine.Core", "ApprovalEngine.Core\ApprovalEngine.Core.csproj", "{42A0647B-6342-40FF-8BAB-2809739AF9A0}"
EndProject
Global
	GlobalSection(SolutionConfigurationPlatforms) = preSolution
		Debug|Any CPU = Debug|Any CPU
		Release|Any CPU = Release|Any CPU
	EndGlobalSection
	GlobalSection(ProjectConfigurationPlatforms) = postSolution
		{50F5C09F-3717-4F6F-B564-0568A82922EC}.Debug|Any CPU.ActiveCfg = Debug|Any CPU
		{50F5C09F-3717-4F6F-B564-0568A82922EC}.Debug|Any CPU.Build.0 = Debug|Any CPU
		{50F5C09F-3717-4F6F-B564-0568A82922EC}.Release|Any CPU.ActiveCfg = Release|Any CPU
		{50F5C09F-3717-4F6F-B564-0568A82922EC}.Release|Any CPU.Build.0 = Release|Any CPU
		{42A0647B-6342-40FF-8BAB-2809739AF9A0}.Debug|Any CPU.ActiveCfg = Debug|Any CPU
		{42A0647B-6342-40FF-8BAB-2809739AF9A0}.Debug|Any CPU.Build.0 = Debug|Any CPU
		{42A0647B-6342-40FF-8BAB-2809739AF9A0}.Release|Any CPU.ActiveCfg = Release|Any CPU
		{42A0647B-6342-40FF-8BAB-2809739AF9A0}.Release|Any CPU.Build.0 = Release|Any CPU
	EndGlobalSection
	GlobalSection(SolutionProperties) = preSolution
		HideSolutionNode = FALSE
	EndGlobalSection
	GlobalSection(ExtensibilityGlobals) = postSolution
		SolutionGuid = {EF420ED8-A33D-4EE5-8090-5C80A3E10CF6}
	EndGlobalSection
EndGlobal
